{
  "name": "public",
  "lockfileVersion": 3,
  "requires": true,
  "packages": {
    "": {
      "dependencies": {
        "logrocket": "^12.1.1"
      }
    },
    "node_modules/logrocket": {
      "version": "12.1.1",
      "resolved": "https://registry.npmjs.org/logrocket/-/logrocket-12.1.1.tgz",
      "integrity": "sha512-l7z9ii5nNV6NZ3nzEqbB3xJAqFJC6QdRYDK8DeCC6JKwzuI8nyUezUJAotgMyClrqB6eV/Bo0i/KihQlXSRDKw==",
      "license": "MIT"
    }
  }
}
